
Microsoft Visual Studio Solution File, Format Version 11.00
# Visual C# Express 2010
Project("{FAE04EC0-301F-11D3-BF4B-00C04F79EFBC}") = "Base-child-polymorphism", "Base-child-polymorphism\Base-child-polymorphism.csproj", "{09CBD0E0-8371-4AC8-8BF7-A7B4545A6CE1}"
EndProject
Global
	GlobalSection(SolutionConfigurationPlatforms) = preSolution
		Debug|x86 = Debug|x86
		Release|x86 = Release|x86
	EndGlobalSection
	GlobalSection(ProjectConfigurationPlatforms) = postSolution
		{09CBD0E0-8371-4AC8-8BF7-A7B4545A6CE1}.Debug|x86.ActiveCfg = Debug|x86
		{09CBD0E0-8371-4AC8-8BF7-A7B4545A6CE1}.Debug|x86.Build.0 = Debug|x86
		{09CBD0E0-8371-4AC8-8BF7-A7B4545A6CE1}.Release|x86.ActiveCfg = Release|x86
		{09CBD0E0-8371-4AC8-8BF7-A7B4545A6CE1}.Release|x86.Build.0 = Release|x86
	EndGlobalSection
	GlobalSection(SolutionProperties) = preSolution
		HideSolutionNode = FALSE
	EndGlobalSection
EndGlobal
